
Microsoft Visual Studio Solution File, Format Version 12.00
# Visual Studio Version 17
VisualStudioVersion = 17.11.35222.181
MinimumVisualStudioVersion = 10.0.40219.1
Project("{FAE04EC0-301F-11D3-BF4B-00C04F79EFBC}") = "ReactSPA.Full.Server", "ReactSPA.Full.Server\ReactSPA.Full.Server.csproj", "{9E8D1639-6E58-474C-A305-CD8638525ECC}"
EndProject
Project("{54A90642-561A-4BB1-A94E-469ADEE60C69}") = "reactspa.full.client", "reactspa.full.client\reactspa.full.client.esproj", "{2C19D368-F78D-4CA6-B8B6-37ED5FF3B0CE}"
EndProject
Global
	GlobalSection(SolutionConfigurationPlatforms) = preSolution
		Debug|Any CPU = Debug|Any CPU
		Release|Any CPU = Release|Any CPU
	EndGlobalSection
	GlobalSection(ProjectConfigurationPlatforms) = postSolution
		{9E8D1639-6E58-474C-A305-CD8638525ECC}.Debug|Any CPU.ActiveCfg = Debug|Any CPU
		{9E8D1639-6E58-474C-A305-CD8638525ECC}.Debug|Any CPU.Build.0 = Debug|Any CPU
		{9E8D1639-6E58-474C-A305-CD8638525ECC}.Release|Any CPU.ActiveCfg = Release|Any CPU
		{9E8D1639-6E58-474C-A305-CD8638525ECC}.Release|Any CPU.Build.0 = Release|Any CPU
		{2C19D368-F78D-4CA6-B8B6-37ED5FF3B0CE}.Debug|Any CPU.ActiveCfg = Debug|Any CPU
		{2C19D368-F78D-4CA6-B8B6-37ED5FF3B0CE}.Debug|Any CPU.Build.0 = Debug|Any CPU
		{2C19D368-F78D-4CA6-B8B6-37ED5FF3B0CE}.Debug|Any CPU.Deploy.0 = Debug|Any CPU
		{2C19D368-F78D-4CA6-B8B6-37ED5FF3B0CE}.Release|Any CPU.ActiveCfg = Release|Any CPU
		{2C19D368-F78D-4CA6-B8B6-37ED5FF3B0CE}.Release|Any CPU.Build.0 = Release|Any CPU
		{2C19D368-F78D-4CA6-B8B6-37ED5FF3B0CE}.Release|Any CPU.Deploy.0 = Release|Any CPU
	EndGlobalSection
	GlobalSection(SolutionProperties) = preSolution
		HideSolutionNode = FALSE
	EndGlobalSection
	GlobalSection(ExtensibilityGlobals) = postSolution
		SolutionGuid = {FAB8A415-F970-4C53-8FBF-5A08D64FEF9D}
	EndGlobalSection
EndGlobal
